// !$*UTF8*$!
{
	archiveVersion = 1;
	classes = {
	};
	objectVersion = 56;
	objects = {

/* Begin PBXBuildFile section */
		6C0803BE2BBA19160034CDFE /* todo_appApp.swift in Sources */ = {isa = PBXBuildFile; fileRef = 6C0803BD2BBA19160034CDFE /* todo_appApp.swift */; };
		6C0803C02BBA19160034CDFE /* ContentView.swift in Sources */ = {isa = PBXBuildFile; fileRef = 6C0803BF2BBA19160034CDFE /* ContentView.swift */; };
		6C0803C22BBA19180034CDFE /* Assets.xcassets in Resources */ = {isa = PBXBuildFile; fileRef = 6C0803C12BBA19180034CDFE /* Assets.xcassets */; };
		6C0803C62BBA19180034CDFE /* Preview Assets.xcassets in Resources */ = {isa = PBXBuildFile; fileRef = 6C0803C52BBA19180034CDFE /* Preview Assets.xcassets */; };
		6C0803D02BBA19190034CDFE /* todo_appTests.swift in Sources */ = {isa = PBXBuildFile; fileRef = 6C0803CF2BBA19190034CDFE /* todo_appTests.swift */; };
		6C0803DA2BBA19190034CDFE /* todo_appUITests.swift in Sources */ = {isa = PBXBuildFile; fileRef = 6C0803D92BBA19190034CDFE /* todo_appUITests.swift */; };
		6C0803DC2BBA19190034CDFE /* todo_appUITestsLaunchTests.swift in Sources */ = {isa = PBXBuildFile; fileRef = 6C0803DB2BBA19190034CDFE /* todo_appUITestsLaunchTests.swift */; };
		6C0803E92BBB02390034CDFE /* EmptyStateView.swift in Sources */ = {isa = PBXBuildFile; fileRef = 6C0803E82BBB02390034CDFE /* EmptyStateView.swift */; };
		6C0803EB2BBB02660034CDFE /* AddTaskView.swift in Sources */ = {isa = PBXBuildFile; fileRef = 6C0803EA2BBB02660034CDFE /* AddTaskView.swift */; };
		6C0803ED2BBB029F0034CDFE /* TaskRow.swift in Sources */ = {isa = PBXBuildFile; fileRef = 6C0803EC2BBB029F0034CDFE /* TaskRow.swift */; };
		6C0803EF2BBB02CF0034CDFE /* TaskDetailView.swift in Sources */ = {isa = PBXBuildFile; fileRef = 6C0803EE2BBB02CF0034CDFE /* TaskDetailView.swift */; };
		6C0803F12BBF5B0D0034CDFE /* CompletedTasks.swift in Sources */ = {isa = PBXBuildFile; fileRef = 6C0803F02BBF5B0D0034CDFE /* CompletedTasks.swift */; };
		6CB5C3D62C0CDF3C0008F3DB /* LoadingView.swift in Sources */ = {isa = PBXBuildFile; fileRef = 6CB5C3D52C0CDF3C0008F3DB /* LoadingView.swift */; };
		6CB5C3D82C0CEB230008F3DB /* SignInView.swift in Sources */ = {isa = PBXBuildFile; fileRef = 6CB5C3D72C0CEB230008F3DB /* SignInView.swift */; };
		6CB5C3DA2C0CEB730008F3DB /* SignUpView.swift in Sources */ = {isa = PBXBuildFile; fileRef = 6CB5C3D92C0CEB730008F3DB /* SignUpView.swift */; };
		6CB5C3DC2C0CEBE20008F3DB /* User.swift in Sources */ = {isa = PBXBuildFile; fileRef = 6CB5C3DB2C0CEBE20008F3DB /* User.swift */; };
		6CB5C3DE2C17857D0008F3DB /* ParentView.swift in Sources */ = {isa = PBXBuildFile; fileRef = 6CB5C3DD2C17857D0008F3DB /* ParentView.swift */; };
/* End PBXBuildFile section */

/* Begin PBXContainerItemProxy section */
		6C0803CC2BBA19190034CDFE /* PBXContainerItemProxy */ = {
			isa = PBXContainerItemProxy;
			containerPortal = 6C0803B22BBA19160034CDFE /* Project object */;
			proxyType = 1;
			remoteGlobalIDString = 6C0803B92BBA19160034CDFE;
			remoteInfo = "todo-app";
		};
		6C0803D62BBA19190034CDFE /* PBXContainerItemProxy */ = {
			isa = PBXContainerItemProxy;
			containerPortal = 6C0803B22BBA19160034CDFE /* Project object */;
			proxyType = 1;
			remoteGlobalIDString = 6C0803B92BBA19160034CDFE;
			remoteInfo = "todo-app";
		};
/* End PBXContainerItemProxy section */

/* Begin PBXFileReference section */
		6C0803BA2BBA19160034CDFE /* todo-app.app */ = {isa = PBXFileReference; explicitFileType = wrapper.application; includeInIndex = 0; path = "todo-app.app"; sourceTree = BUILT_PRODUCTS_DIR; };
		6C0803BD2BBA19160034CDFE /* todo_appApp.swift */ = {isa = PBXFileReference; lastKnownFileType = sourcecode.swift; path = todo_appApp.swift; sourceTree = "<group>"; };
		6C0803BF2BBA19160034CDFE /* ContentView.swift */ = {isa = PBXFileReference; lastKnownFileType = sourcecode.swift; path = ContentView.swift; sourceTree = "<group>"; };
		6C0803C12BBA19180034CDFE /* Assets.xcassets */ = {isa = PBXFileReference; lastKnownFileType = folder.assetcatalog; path = Assets.xcassets; sourceTree = "<group>"; };
		6C0803C32BBA19180034CDFE /* todo_app.entitlements */ = {isa = PBXFileReference; lastKnownFileType = text.plist.entitlements; path = todo_app.entitlements; sourceTree = "<group>"; };
		6C0803C52BBA19180034CDFE /* Preview Assets.xcassets */ = {isa = PBXFileReference; lastKnownFileType = folder.assetcatalog; path = "Preview Assets.xcassets"; sourceTree = "<group>"; };
		6C0803CB2BBA19190034CDFE /* todo-appTests.xctest */ = {isa = PBXFileReference; explicitFileType = wrapper.cfbundle; includeInIndex = 0; path = "todo-appTests.xctest"; sourceTree = BUILT_PRODUCTS_DIR; };
		6C0803CF2BBA19190034CDFE /* todo_appTests.swift */ = {isa = PBXFileReference; lastKnownFileType = sourcecode.swift; path = todo_appTests.swift; sourceTree = "<group>"; };
		6C0803D52BBA19190034CDFE /* todo-appUITests.xctest */ = {isa = PBXFileReference; explicitFileType = wrapper.cfbundle; includeInIndex = 0; path = "todo-appUITests.xctest"; sourceTree = BUILT_PRODUCTS_DIR; };
		6C0803D92BBA19190034CDFE /* todo_appUITests.swift */ = {isa = PBXFileReference; lastKnownFileType = sourcecode.swift; path = todo_appUITests.swift; sourceTree = "<group>"; };
		6C0803DB2BBA19190034CDFE /* todo_appUITestsLaunchTests.swift */ = {isa = PBXFileReference; lastKnownFileType = sourcecode.swift; path = todo_appUITestsLaunchTests.swift; sourceTree = "<group>"; };
		6C0803E82BBB02390034CDFE /* EmptyStateView.swift */ = {isa = PBXFileReference; lastKnownFileType = sourcecode.swift; path = EmptyStateView.swift; sourceTree = "<group>"; };
		6C0803EA2BBB02660034CDFE /* AddTaskView.swift */ = {isa = PBXFileReference; lastKnownFileType = sourcecode.swift; path = AddTaskView.swift; sourceTree = "<group>"; };
		6C0803EC2BBB029F0034CDFE /* TaskRow.swift */ = {isa = PBXFileReference; lastKnownFileType = sourcecode.swift; path = TaskRow.swift; sourceTree = "<group>"; };
		6C0803EE2BBB02CF0034CDFE /* TaskDetailView.swift */ = {isa = PBXFileReference; lastKnownFileType = sourcecode.swift; path = TaskDetailView.swift; sourceTree = "<group>"; };
		6C0803F02BBF5B0D0034CDFE /* CompletedTasks.swift */ = {isa = PBXFileReference; lastKnownFileType = sourcecode.swift; path = CompletedTasks.swift; sourceTree = "<group>"; };
		6CB5C3D52C0CDF3C0008F3DB /* LoadingView.swift */ = {isa = PBXFileReference; lastKnownFileType = sourcecode.swift; path = LoadingView.swift; sourceTree = "<group>"; };
		6CB5C3D72C0CEB230008F3DB /* SignInView.swift */ = {isa = PBXFileReference; lastKnownFileType = sourcecode.swift; path = SignInView.swift; sourceTree = "<group>"; };
		6CB5C3D92C0CEB730008F3DB /* SignUpView.swift */ = {isa = PBXFileReference; lastKnownFileType = sourcecode.swift; path = SignUpView.swift; sourceTree = "<group>"; };
		6CB5C3DB2C0CEBE20008F3DB /* User.swift */ = {isa = PBXFileReference; lastKnownFileType = sourcecode.swift; path = User.swift; sourceTree = "<group>"; };
		6CB5C3DD2C17857D0008F3DB /* ParentView.swift */ = {isa = PBXFileReference; lastKnownFileType = sourcecode.swift; path = ParentView.swift; sourceTree = "<group>"; };
/* End PBXFileReference section */

/* Begin PBXFrameworksBuildPhase section */
		6C0803B72BBA19160034CDFE /* Frameworks */ = {
			isa = PBXFrameworksBuildPhase;
			buildActionMask = 2147483647;
			files = (
			);
			runOnlyForDeploymentPostprocessing = 0;
		};
		6C0803C82BBA19190034CDFE /* Frameworks */ = {
			isa = PBXFrameworksBuildPhase;
			buildActionMask = 2147483647;
			files = (
			);
			runOnlyForDeploymentPostprocessing = 0;
		};
		6C0803D22BBA19190034CDFE /* Frameworks */ = {
			isa = PBXFrameworksBuildPhase;
			buildActionMask = 2147483647;
			files = (
			);
			runOnlyForDeploymentPostprocessing = 0;
		};
/* End PBXFrameworksBuildPhase section */

/* Begin PBXGroup section */
		6C0803B12BBA19160034CDFE = {
			isa = PBXGroup;
			children = (
				6C0803BC2BBA19160034CDFE /* todo-app */,
				6C0803CE2BBA19190034CDFE /* todo-appTests */,
				6C0803D82BBA19190034CDFE /* todo-appUITests */,
				6C0803BB2BBA19160034CDFE /* Products */,
			);
			sourceTree = "<group>";
		};
		6C0803BB2BBA19160034CDFE /* Products */ = {
			isa = PBXGroup;
			children = (
				6C0803BA2BBA19160034CDFE /* todo-app.app */,
				6C0803CB2BBA19190034CDFE /* todo-appTests.xctest */,
				6C0803D52BBA19190034CDFE /* todo-appUITests.xctest */,
			);
			name = Products;
			sourceTree = "<group>";
		};
		6C0803BC2BBA19160034CDFE /* todo-app */ = {
			isa = PBXGroup;
			children = (
				6C0803BD2BBA19160034CDFE /* todo_appApp.swift */,
				6C0803BF2BBA19160034CDFE /* ContentView.swift */,
				6C0803E82BBB02390034CDFE /* EmptyStateView.swift */,
				6CB5C3D52C0CDF3C0008F3DB /* LoadingView.swift */,
				6CB5C3DD2C17857D0008F3DB /* ParentView.swift */,
				6C0803F02BBF5B0D0034CDFE /* CompletedTasks.swift */,
				6CB5C3D92C0CEB730008F3DB /* SignUpView.swift */,
				6CB5C3D72C0CEB230008F3DB /* SignInView.swift */,
				6CB5C3DB2C0CEBE20008F3DB /* User.swift */,
				6C0803EA2BBB02660034CDFE /* AddTaskView.swift */,
				6C0803EC2BBB029F0034CDFE /* TaskRow.swift */,
				6C0803EE2BBB02CF0034CDFE /* TaskDetailView.swift */,
				6C0803C12BBA19180034CDFE /* Assets.xcassets */,
				6C0803C32BBA19180034CDFE /* todo_app.entitlements */,
				6C0803C42BBA19180034CDFE /* Preview Content */,
			);
			path = "todo-app";
			sourceTree = "<group>";
		};
		6C0803C42BBA19180034CDFE /* Preview Content */ = {
			isa = PBXGroup;
			children = (
				6C0803C52BBA19180034CDFE /* Preview Assets.xcassets */,
			);
			path = "Preview Content";
			sourceTree = "<group>";
		};
		6C0803CE2BBA19190034CDFE /* todo-appTests */ = {
			isa = PBXGroup;
			children = (
				6C0803CF2BBA19190034CDFE /* todo_appTests.swift */,
			);
			path = "todo-appTests";
			sourceTree = "<group>";
		};
		6C0803D82BBA19190034CDFE /* todo-appUITests */ = {
			isa = PBXGroup;
			children = (
				6C0803D92BBA19190034CDFE /* todo_appUITests.swift */,
				6C0803DB2BBA19190034CDFE /* todo_appUITestsLaunchTests.swift */,
			);
			path = "todo-appUITests";
			sourceTree = "<group>";
		};
/* End PBXGroup section */

/* Begin PBXNativeTarget section */
		6C0803B92BBA19160034CDFE /* todo-app */ = {
			isa = PBXNativeTarget;
			buildConfigurationList = 6C0803DF2BBA19190034CDFE /* Build configuration list for PBXNativeTarget "todo-app" */;
			buildPhases = (
				6C0803B62BBA19160034CDFE /* Sources */,
				6C0803B72BBA19160034CDFE /* Frameworks */,
				6C0803B82BBA19160034CDFE /* Resources */,
			);
			buildRules = (
			);
			dependencies = (
			);
			name = "todo-app";
			productName = "todo-app";
			productReference = 6C0803BA2BBA19160034CDFE /* todo-app.app */;
			productType = "com.apple.product-type.application";
		};
		6C0803CA2BBA19190034CDFE /* todo-appTests */ = {
			isa = PBXNativeTarget;
			buildConfigurationList = 6C0803E22BBA19190034CDFE /* Build configuration list for PBXNativeTarget "todo-appTests" */;
			buildPhases = (
				6C0803C72BBA19190034CDFE /* Sources */,
				6C0803C82BBA19190034CDFE /* Frameworks */,
				6C0803C92BBA19190034CDFE /* Resources */,
			);
			buildRules = (
			);
			dependencies = (
				6C0803CD2BBA19190034CDFE /* PBXTargetDependency */,
			);
			name = "todo-appTests";
			productName = "todo-appTests";
			productReference = 6C0803CB2BBA19190034CDFE /* todo-appTests.xctest */;
			productType = "com.apple.product-type.bundle.unit-test";
		};
		6C0803D42BBA19190034CDFE /* todo-appUITests */ = {
			isa = PBXNativeTarget;
			buildConfigurationList = 6C0803E52BBA19190034CDFE /* Build configuration list for PBXNativeTarget "todo-appUITests" */;
			buildPhases = (
				6C0803D12BBA19190034CDFE /* Sources */,
				6C0803D22BBA19190034CDFE /* Frameworks */,
				6C0803D32BBA19190034CDFE /* Resources */,
			);
			buildRules = (
			);
			dependencies = (
				6C0803D72BBA19190034CDFE /* PBXTargetDependency */,
			);
			name = "todo-appUITests";
			productName = "todo-appUITests";
			productReference = 6C0803D52BBA19190034CDFE /* todo-appUITests.xctest */;
			productType = "com.apple.product-type.bundle.ui-testing";
		};
/* End PBXNativeTarget section */

/* Begin PBXProject section */
		6C0803B22BBA19160034CDFE /* Project object */ = {
			isa = PBXProject;
			attributes = {
				BuildIndependentTargetsInParallel = 1;
				LastSwiftUpdateCheck = 1520;
				LastUpgradeCheck = 1520;
				TargetAttributes = {
					6C0803B92BBA19160034CDFE = {
						CreatedOnToolsVersion = 15.2;
					};
					6C0803CA2BBA19190034CDFE = {
						CreatedOnToolsVersion = 15.2;
						TestTargetID = 6C0803B92BBA19160034CDFE;
					};
					6C0803D42BBA19190034CDFE = {
						CreatedOnToolsVersion = 15.2;
						TestTargetID = 6C0803B92BBA19160034CDFE;
					};
				};
			};
			buildConfigurationList = 6C0803B52BBA19160034CDFE /* Build configuration list for PBXProject "todo-app" */;
			compatibilityVersion = "Xcode 14.0";
			developmentRegion = en;
			hasScannedForEncodings = 0;
			knownRegions = (
				en,
				Base,
			);
			mainGroup = 6C0803B12BBA19160034CDFE;
			productRefGroup = 6C0803BB2BBA19160034CDFE /* Products */;
			projectDirPath = "";
			projectRoot = "";
			targets = (
				6C0803B92BBA19160034CDFE /* todo-app */,
				6C0803CA2BBA19190034CDFE /* todo-appTests */,
				6C0803D42BBA19190034CDFE /* todo-appUITests */,
			);
		};
/* End PBXProject section */

/* Begin PBXResourcesBuildPhase section */
		6C0803B82BBA19160034CDFE /* Resources */ = {
			isa = PBXResourcesBuildPhase;
			buildActionMask = 2147483647;
			files = (
				6C0803C62BBA19180034CDFE /* Preview Assets.xcassets in Resources */,
				6C0803C22BBA19180034CDFE /* Assets.xcassets in Resources */,
			);
			runOnlyForDeploymentPostprocessing = 0;
		};
		6C0803C92BBA19190034CDFE /* Resources */ = {
			isa = PBXResourcesBuildPhase;
			buildActionMask = 2147483647;
			files = (
			);
			runOnlyForDeploymentPostprocessing = 0;
		};
		6C0803D32BBA19190034CDFE /* Resources */ = {
			isa = PBXResourcesBuildPhase;
			buildActionMask = 2147483647;
			files = (
			);
			runOnlyForDeploymentPostprocessing = 0;
		};
/* End PBXResourcesBuildPhase section */

/* Begin PBXSourcesBuildPhase section */
		6C0803B62BBA19160034CDFE /* Sources */ = {
			isa = PBXSourcesBuildPhase;
			buildActionMask = 2147483647;
			files = (
				6CB5C3D82C0CEB230008F3DB /* SignInView.swift in Sources */,
				6C0803ED2BBB029F0034CDFE /* TaskRow.swift in Sources */,
				6C0803E92BBB02390034CDFE /* EmptyStateView.swift in Sources */,
				6C0803EF2BBB02CF0034CDFE /* TaskDetailView.swift in Sources */,
				6CB5C3DE2C17857D0008F3DB /* ParentView.swift in Sources */,
				6C0803C02BBA19160034CDFE /* ContentView.swift in Sources */,
				6C0803F12BBF5B0D0034CDFE /* CompletedTasks.swift in Sources */,
				6CB5C3DA2C0CEB730008F3DB /* SignUpView.swift in Sources */,
				6CB5C3D62C0CDF3C0008F3DB /* LoadingView.swift in Sources */,
				6C0803BE2BBA19160034CDFE /* todo_appApp.swift in Sources */,
				6C0803EB2BBB02660034CDFE /* AddTaskView.swift in Sources */,
				6CB5C3DC2C0CEBE20008F3DB /* User.swift in Sources */,
			);
			runOnlyForDeploymentPostprocessing = 0;
		};
		6C0803C72BBA19190034CDFE /* Sources */ = {
			isa = PBXSourcesBuildPhase;
			buildActionMask = 2147483647;
			files = (
				6C0803D02BBA19190034CDFE /* todo_appTests.swift in Sources */,
			);
			runOnlyForDeploymentPostprocessing = 0;
		};
		6C0803D12BBA19190034CDFE /* Sources */ = {
			isa = PBXSourcesBuildPhase;
			buildActionMask = 2147483647;
			files = (
				6C0803DC2BBA19190034CDFE /* todo_appUITestsLaunchTests.swift in Sources */,
				6C0803DA2BBA19190034CDFE /* todo_appUITests.swift in Sources */,
			);
			runOnlyForDeploymentPostprocessing = 0;
		};
/* End PBXSourcesBuildPhase section */

/* Begin PBXTargetDependency section */
		6C0803CD2BBA19190034CDFE /* PBXTargetDependency */ = {
			isa = PBXTargetDependency;
			target = 6C0803B92BBA19160034CDFE /* todo-app */;
			targetProxy = 6C0803CC2BBA19190034CDFE /* PBXContainerItemProxy */;
		};
		6C0803D72BBA19190034CDFE /* PBXTargetDependency */ = {
			isa = PBXTargetDependency;
			target = 6C0803B92BBA19160034CDFE /* todo-app */;
			targetProxy = 6C0803D62BBA19190034CDFE /* PBXContainerItemProxy */;
		};
/* End PBXTargetDependency section */

/* Begin XCBuildConfiguration section */
		6C0803DD2BBA19190034CDFE /* Debug */ = {
			isa = XCBuildConfiguration;
			buildSettings = {
				ALWAYS_SEARCH_USER_PATHS = NO;
				ASSETCATALOG_COMPILER_GENERATE_SWIFT_ASSET_SYMBOL_EXTENSIONS = YES;
				CLANG_ANALYZER_NONNULL = YES;
				CLANG_ANALYZER_NUMBER_OBJECT_CONVERSION = YES_AGGRESSIVE;
				CLANG_CXX_LANGUAGE_STANDARD = "gnu++20";
				CLANG_ENABLE_MODULES = YES;
				CLANG_ENABLE_OBJC_ARC = YES;
				CLANG_ENABLE_OBJC_WEAK = YES;
				CLANG_WARN_BLOCK_CAPTURE_AUTORELEASING = YES;
				CLANG_WARN_BOOL_CONVERSION = YES;
				CLANG_WARN_COMMA = YES;
				CLANG_WARN_CONSTANT_CONVERSION = YES;
				CLANG_WARN_DEPRECATED_OBJC_IMPLEMENTATIONS = YES;
				CLANG_WARN_DIRECT_OBJC_ISA_USAGE = YES_ERROR;
				CLANG_WARN_DOCUMENTATION_COMMENTS = YES;
				CLANG_WARN_EMPTY_BODY = YES;
				CLANG_WARN_ENUM_CONVERSION = YES;
				CLANG_WARN_INFINITE_RECURSION = YES;
				CLANG_WARN_INT_CONVERSION = YES;
				CLANG_WARN_NON_LITERAL_NULL_CONVERSION = YES;
				CLANG_WARN_OBJC_IMPLICIT_RETAIN_SELF = YES;
				CLANG_WARN_OBJC_LITERAL_CONVERSION = YES;
				CLANG_WARN_OBJC_ROOT_CLASS = YES_ERROR;
				CLANG_WARN_QUOTED_INCLUDE_IN_FRAMEWORK_HEADER = YES;
				CLANG_WARN_RANGE_LOOP_ANALYSIS = YES;
				CLANG_WARN_STRICT_PROTOTYPES = YES;
				CLANG_WARN_SUSPICIOUS_MOVE = YES;
				CLANG_WARN_UNGUARDED_AVAILABILITY = YES_AGGRESSIVE;
				CLANG_WARN_UNREACHABLE_CODE = YES;
				CLANG_WARN__DUPLICATE_METHOD_MATCH = YES;
				COPY_PHASE_STRIP = NO;
				DEBUG_INFORMATION_FORMAT = dwarf;
				ENABLE_STRICT_OBJC_MSGSEND = YES;
				ENABLE_TESTABILITY = YES;
				ENABLE_USER_SCRIPT_SANDBOXING = YES;
				GCC_C_LANGUAGE_STANDARD = gnu17;
				GCC_DYNAMIC_NO_PIC = NO;
				GCC_NO_COMMON_BLOCKS = YES;
				GCC_OPTIMIZATION_LEVEL = 0;
				GCC_PREPROCESSOR_DEFINITIONS = (
					"DEBUG=1",
					"$(inherited)",
				);
				GCC_WARN_64_TO_32_BIT_CONVERSION = YES;
				GCC_WARN_ABOUT_RETURN_TYPE = YES_ERROR;
				GCC_WARN_UNDECLARED_SELECTOR = YES;
				GCC_WARN_UNINITIALIZED_AUTOS = YES_AGGRESSIVE;
				GCC_WARN_UNUSED_FUNCTION = YES;
				GCC_WARN_UNUSED_VARIABLE = YES;
				LOCALIZATION_PREFERS_STRING_CATALOGS = YES;
				MTL_ENABLE_DEBUG_INFO = INCLUDE_SOURCE;
				MTL_FAST_MATH = YES;
				ONLY_ACTIVE_ARCH = YES;
				SWIFT_ACTIVE_COMPILATION_CONDITIONS = "DEBUG $(inherited)";
				SWIFT_OPTIMIZATION_LEVEL = "-Onone";
			};
			name = Debug;
		};
		6C0803DE2BBA19190034CDFE /* Release */ = {
			isa = XCBuildConfiguration;
			buildSettings = {
				ALWAYS_SEARCH_USER_PATHS = NO;
				ASSETCATALOG_COMPILER_GENERATE_SWIFT_ASSET_SYMBOL_EXTENSIONS = YES;
				CLANG_ANALYZER_NONNULL = YES;
				CLANG_ANALYZER_NUMBER_OBJECT_CONVERSION = YES_AGGRESSIVE;
				CLANG_CXX_LANGUAGE_STANDARD = "gnu++20";
				CLANG_ENABLE_MODULES = YES;
				CLANG_ENABLE_OBJC_ARC = YES;
				CLANG_ENABLE_OBJC_WEAK = YES;
				CLANG_WARN_BLOCK_CAPTURE_AUTORELEASING = YES;
				CLANG_WARN_BOOL_CONVERSION = YES;
				CLANG_WARN_COMMA = YES;
				CLANG_WARN_CONSTANT_CONVERSION = YES;
				CLANG_WARN_DEPRECATED_OBJC_IMPLEMENTATIONS = YES;
				CLANG_WARN_DIRECT_OBJC_ISA_USAGE = YES_ERROR;
				CLANG_WARN_DOCUMENTATION_COMMENTS = YES;
				CLANG_WARN_EMPTY_BODY = YES;
				CLANG_WARN_ENUM_CONVERSION = YES;
				CLANG_WARN_INFINITE_RECURSION = YES;
				CLANG_WARN_INT_CONVERSION = YES;
				CLANG_WARN_NON_LITERAL_NULL_CONVERSION = YES;
				CLANG_WARN_OBJC_IMPLICIT_RETAIN_SELF = YES;
				CLANG_WARN_OBJC_LITERAL_CONVERSION = YES;
				CLANG_WARN_OBJC_ROOT_CLASS = YES_ERROR;
				CLANG_WARN_QUOTED_INCLUDE_IN_FRAMEWORK_HEADER = YES;
				CLANG_WARN_RANGE_LOOP_ANALYSIS = YES;
				CLANG_WARN_STRICT_PROTOTYPES = YES;
				CLANG_WARN_SUSPICIOUS_MOVE = YES;
				CLANG_WARN_UNGUARDED_AVAILABILITY = YES_AGGRESSIVE;
				CLANG_WARN_UNREACHABLE_CODE = YES;
				CLANG_WARN__DUPLICATE_METHOD_MATCH = YES;
				COPY_PHASE_STRIP = NO;
				DEBUG_INFORMATION_FORMAT = "dwarf-with-dsym";
				ENABLE_NS_ASSERTIONS = NO;
				ENABLE_STRICT_OBJC_MSGSEND = YES;
				ENABLE_USER_SCRIPT_SANDBOXING = YES;
				GCC_C_LANGUAGE_STANDARD = gnu17;
				GCC_NO_COMMON_BLOCKS = YES;
				GCC_WARN_64_TO_32_BIT_CONVERSION = YES;
				GCC_WARN_ABOUT_RETURN_TYPE = YES_ERROR;
				GCC_WARN_UNDECLARED_SELECTOR = YES;
				GCC_WARN_UNINITIALIZED_AUTOS = YES_AGGRESSIVE;
				GCC_WARN_UNUSED_FUNCTION = YES;
				GCC_WARN_UNUSED_VARIABLE = YES;
				LOCALIZATION_PREFERS_STRING_CATALOGS = YES;
				MTL_ENABLE_DEBUG_INFO = NO;
				MTL_FAST_MATH = YES;
				SWIFT_COMPILATION_MODE = wholemodule;
			};
			name = Release;
		};
		6C0803E02BBA19190034CDFE /* Debug */ = {
			isa = XCBuildConfiguration;
			buildSettings = {
				ASSETCATALOG_COMPILER_APPICON_NAME = AppIcon;
				ASSETCATALOG_COMPILER_GLOBAL_ACCENT_COLOR_NAME = AccentColor;
				CODE_SIGN_ENTITLEMENTS = "todo-app/todo_app.entitlements";
				CODE_SIGN_STYLE = Automatic;
				CURRENT_PROJECT_VERSION = 1;
				DEVELOPMENT_ASSET_PATHS = "\"todo-app/Preview Content\"";
				ENABLE_PREVIEWS = YES;
				GENERATE_INFOPLIST_FILE = YES;
				"INFOPLIST_KEY_UIApplicationSceneManifest_Generation[sdk=iphoneos*]" = YES;
				"INFOPLIST_KEY_UIApplicationSceneManifest_Generation[sdk=iphonesimulator*]" = YES;
				"INFOPLIST_KEY_UIApplicationSupportsIndirectInputEvents[sdk=iphoneos*]" = YES;
				"INFOPLIST_KEY_UIApplicationSupportsIndirectInputEvents[sdk=iphonesimulator*]" = YES;
				"INFOPLIST_KEY_UILaunchScreen_Generation[sdk=iphoneos*]" = YES;
				"INFOPLIST_KEY_UILaunchScreen_Generation[sdk=iphonesimulator*]" = YES;
				"INFOPLIST_KEY_UIStatusBarStyle[sdk=iphoneos*]" = UIStatusBarStyleDefault;
				"INFOPLIST_KEY_UIStatusBarStyle[sdk=iphonesimulator*]" = UIStatusBarStyleDefault;
				INFOPLIST_KEY_UISupportedInterfaceOrientations_iPad = "UIInterfaceOrientationPortrait UIInterfaceOrientationPortraitUpsideDown UIInterfaceOrientationLandscapeLeft UIInterfaceOrientationLandscapeRight";
				INFOPLIST_KEY_UISupportedInterfaceOrientations_iPhone = "UIInterfaceOrientationPortrait UIInterfaceOrientationLandscapeLeft UIInterfaceOrientationLandscapeRight";
				IPHONEOS_DEPLOYMENT_TARGET = 17.2;
				LD_RUNPATH_SEARCH_PATHS = "@executable_path/Frameworks";
				"LD_RUNPATH_SEARCH_PATHS[sdk=macosx*]" = "@executable_path/../Frameworks";
				MACOSX_DEPLOYMENT_TARGET = 13.6;
				MARKETING_VERSION = 1.0;
				PRODUCT_BUNDLE_IDENTIFIER = "kev-ray.todo-app";
				PRODUCT_NAME = "$(TARGET_NAME)";
				SDKROOT = auto;
				SUPPORTED_PLATFORMS = "iphoneos iphonesimulator macosx";
				SWIFT_EMIT_LOC_STRINGS = YES;
				SWIFT_VERSION = 5.0;
				TARGETED_DEVICE_FAMILY = "1,2";
			};
			name = Debug;
		};
		6C0803E12BBA19190034CDFE /* Release */ = {
			isa = XCBuildConfiguration;
			buildSettings = {
				ASSETCATALOG_COMPILER_APPICON_NAME = AppIcon;
				ASSETCATALOG_COMPILER_GLOBAL_ACCENT_COLOR_NAME = AccentColor;
				CODE_SIGN_ENTITLEMENTS = "todo-app/todo_app.entitlements";
				CODE_SIGN_STYLE = Automatic;
				CURRENT_PROJECT_VERSION = 1;
				DEVELOPMENT_ASSET_PATHS = "\"todo-app/Preview Content\"";
				ENABLE_PREVIEWS = YES;
				GENERATE_INFOPLIST_FILE = YES;
				"INFOPLIST_KEY_UIApplicationSceneManifest_Generation[sdk=iphoneos*]" = YES;
				"INFOPLIST_KEY_UIApplicationSceneManifest_Generation[sdk=iphonesimulator*]" = YES;
				"INFOPLIST_KEY_UIApplicationSupportsIndirectInputEvents[sdk=iphoneos*]" = YES;
				"INFOPLIST_KEY_UIApplicationSupportsIndirectInputEvents[sdk=iphonesimulator*]" = YES;
				"INFOPLIST_KEY_UILaunchScreen_Generation[sdk=iphoneos*]" = YES;
				"INFOPLIST_KEY_UILaunchScreen_Generation[sdk=iphonesimulator*]" = YES;
				"INFOPLIST_KEY_UIStatusBarStyle[sdk=iphoneos*]" = UIStatusBarStyleDefault;
				"INFOPLIST_KEY_UIStatusBarStyle[sdk=iphonesimulator*]" = UIStatusBarStyleDefault;
				INFOPLIST_KEY_UISupportedInterfaceOrientations_iPad = "UIInterfaceOrientationPortrait UIInterfaceOrientationPortraitUpsideDown UIInterfaceOrientationLandscapeLeft UIInterfaceOrientationLandscapeRight";
				INFOPLIST_KEY_UISupportedInterfaceOrientations_iPhone = "UIInterfaceOrientationPortrait UIInterfaceOrientationLandscapeLeft UIInterfaceOrientationLandscapeRight";
				IPHONEOS_DEPLOYMENT_TARGET = 17.2;
				LD_RUNPATH_SEARCH_PATHS = "@executable_path/Frameworks";
				"LD_RUNPATH_SEARCH_PATHS[sdk=macosx*]" = "@executable_path/../Frameworks";
				MACOSX_DEPLOYMENT_TARGET = 13.6;
				MARKETING_VERSION = 1.0;
				PRODUCT_BUNDLE_IDENTIFIER = "kev-ray.todo-app";
				PRODUCT_NAME = "$(TARGET_NAME)";
				SDKROOT = auto;
				SUPPORTED_PLATFORMS = "iphoneos iphonesimulator macosx";
				SWIFT_EMIT_LOC_STRINGS = YES;
				SWIFT_VERSION = 5.0;
				TARGETED_DEVICE_FAMILY = "1,2";
			};
			name = Release;
		};
		6C0803E32BBA19190034CDFE /* Debug */ = {
			isa = XCBuildConfiguration;
			buildSettings = {
				ALWAYS_EMBED_SWIFT_STANDARD_LIBRARIES = YES;
				BUNDLE_LOADER = "$(TEST_HOST)";
				CODE_SIGN_STYLE = Automatic;
				CURRENT_PROJECT_VERSION = 1;
				GENERATE_INFOPLIST_FILE = YES;
				IPHONEOS_DEPLOYMENT_TARGET = 17.2;
				MACOSX_DEPLOYMENT_TARGET = 13.6;
				MARKETING_VERSION = 1.0;
				PRODUCT_BUNDLE_IDENTIFIER = "kev-ray.todo-appTests";
				PRODUCT_NAME = "$(TARGET_NAME)";
				SDKROOT = auto;
				SUPPORTED_PLATFORMS = "iphoneos iphonesimulator macosx";
				SWIFT_EMIT_LOC_STRINGS = NO;
				SWIFT_VERSION = 5.0;
				TARGETED_DEVICE_FAMILY = "1,2";
				TEST_HOST = "$(BUILT_PRODUCTS_DIR)/todo-app.app/$(BUNDLE_EXECUTABLE_FOLDER_PATH)/todo-app";
			};
			name = Debug;
		};
		6C0803E42BBA19190034CDFE /* Release */ = {
			isa = XCBuildConfiguration;
			buildSettings = {
				ALWAYS_EMBED_SWIFT_STANDARD_LIBRARIES = YES;
				BUNDLE_LOADER = "$(TEST_HOST)";
				CODE_SIGN_STYLE = Automatic;
				CURRENT_PROJECT_VERSION = 1;
				GENERATE_INFOPLIST_FILE = YES;
				IPHONEOS_DEPLOYMENT_TARGET = 17.2;
				MACOSX_DEPLOYMENT_TARGET = 13.6;
				MARKETING_VERSION = 1.0;
				PRODUCT_BUNDLE_IDENTIFIER = "kev-ray.todo-appTests";
				PRODUCT_NAME = "$(TARGET_NAME)";
				SDKROOT = auto;
				SUPPORTED_PLATFORMS = "iphoneos iphonesimulator macosx";
				SWIFT_EMIT_LOC_STRINGS = NO;
				SWIFT_VERSION = 5.0;
				TARGETED_DEVICE_FAMILY = "1,2";
				TEST_HOST = "$(BUILT_PRODUCTS_DIR)/todo-app.app/$(BUNDLE_EXECUTABLE_FOLDER_PATH)/todo-app";
			};
			name = Release;
		};
		6C0803E62BBA19190034CDFE /* Debug */ = {
			isa = XCBuildConfiguration;
			buildSettings = {
				ALWAYS_EMBED_SWIFT_STANDARD_LIBRARIES = YES;
				CODE_SIGN_STYLE = Automatic;
				CURRENT_PROJECT_VERSION = 1;
				GENERATE_INFOPLIST_FILE = YES;
				IPHONEOS_DEPLOYMENT_TARGET = 17.2;
				MACOSX_DEPLOYMENT_TARGET = 13.6;
				MARKETING_VERSION = 1.0;
				PRODUCT_BUNDLE_IDENTIFIER = "kev-ray.todo-appUITests";
				PRODUCT_NAME = "$(TARGET_NAME)";
				SDKROOT = auto;
				SUPPORTED_PLATFORMS = "iphoneos iphonesimulator macosx";
				SWIFT_EMIT_LOC_STRINGS = NO;
				SWIFT_VERSION = 5.0;
				TARGETED_DEVICE_FAMILY = "1,2";
				TEST_TARGET_NAME = "todo-app";
			};
			name = Debug;
		};
		6C0803E72BBA19190034CDFE /* Release */ = {
			isa = XCBuildConfiguration;
			buildSettings = {
				ALWAYS_EMBED_SWIFT_STANDARD_LIBRARIES = YES;
				CODE_SIGN_STYLE = Automatic;
				CURRENT_PROJECT_VERSION = 1;
				GENERATE_INFOPLIST_FILE = YES;
				IPHONEOS_DEPLOYMENT_TARGET = 17.2;
				MACOSX_DEPLOYMENT_TARGET = 13.6;
				MARKETING_VERSION = 1.0;
				PRODUCT_BUNDLE_IDENTIFIER = "kev-ray.todo-appUITests";
				PRODUCT_NAME = "$(TARGET_NAME)";
				SDKROOT = auto;
				SUPPORTED_PLATFORMS = "iphoneos iphonesimulator macosx";
				SWIFT_EMIT_LOC_STRINGS = NO;
				SWIFT_VERSION = 5.0;
				TARGETED_DEVICE_FAMILY = "1,2";
				TEST_TARGET_NAME = "todo-app";
			};
			name = Release;
		};
/* End XCBuildConfiguration section */

/* Begin XCConfigurationList section */
		6C0803B52BBA19160034CDFE /* Build configuration list for PBXProject "todo-app" */ = {
			isa = XCConfigurationList;
			buildConfigurations = (
				6C0803DD2BBA19190034CDFE /* Debug */,
				6C0803DE2BBA19190034CDFE /* Release */,
			);
			defaultConfigurationIsVisible = 0;
			defaultConfigurationName = Release;
		};
		6C0803DF2BBA19190034CDFE /* Build configuration list for PBXNativeTarget "todo-app" */ = {
			isa = XCConfigurationList;
			buildConfigurations = (
				6C0803E02BBA19190034CDFE /* Debug */,
				6C0803E12BBA19190034CDFE /* Release */,
			);
			defaultConfigurationIsVisible = 0;
			defaultConfigurationName = Release;
		};
		6C0803E22BBA19190034CDFE /* Build configuration list for PBXNativeTarget "todo-appTests" */ = {
			isa = XCConfigurationList;
			buildConfigurations = (
				6C0803E32BBA19190034CDFE /* Debug */,
				6C0803E42BBA19190034CDFE /* Release */,
			);
			defaultConfigurationIsVisible = 0;
			defaultConfigurationName = Release;
		};
		6C0803E52BBA19190034CDFE /* Build configuration list for PBXNativeTarget "todo-appUITests" */ = {
			isa = XCConfigurationList;
			buildConfigurations = (
				6C0803E62BBA19190034CDFE /* Debug */,
				6C0803E72BBA19190034CDFE /* Release */,
			);
			defaultConfigurationIsVisible = 0;
			defaultConfigurationName = Release;
		};
/* End XCConfigurationList section */
	};
	rootObject = 6C0803B22BBA19160034CDFE /* Project object */;
}
